{
  "name": "utilizandooremembered",
  "version": "1.0.0",
  "lockfileVersion": 2,
  "requires": true,
  "packages": {
    "": {
      "name": "utilizandooremembered",
      "version": "1.0.0",
      "license": "ISC",
      "dependencies": {
        "remembered": "^0.9.2"
      }
    },
    "node_modules/fast-fifo": {
      "version": "1.1.0",
      "resolved": "https://registry.npmjs.org/fast-fifo/-/fast-fifo-1.1.0.tgz",
      "integrity": "sha512-Kl29QoNbNvn4nhDsLYjyIAaIqaJB6rBx5p3sL9VjaefJ+eMFBWVZiaoguaoZfzEKr5RhAti0UgM8703akGPJ6g=="
    },
    "node_modules/remembered": {
      "version": "0.9.2",
      "resolved": "https://registry.npmjs.org/remembered/-/remembered-0.9.2.tgz",
      "integrity": "sha512-kR9UqjUx57Vo/ddXNmWciWLBNIyBezWF6QdZs4FfzDAXROqo9v4hfbMHUXgtuP9eHlxssUjugmdSOmMYZMfDgQ==",
      "dependencies": {
        "fast-fifo": "^1.0.0"
      },
      "engines": {
        "node": ">=10"
      }
    }
  },
  "dependencies": {
    "fast-fifo": {
      "version": "1.1.0",
      "resolved": "https://registry.npmjs.org/fast-fifo/-/fast-fifo-1.1.0.tgz",
      "integrity": "sha512-Kl29QoNbNvn4nhDsLYjyIAaIqaJB6rBx5p3sL9VjaefJ+eMFBWVZiaoguaoZfzEKr5RhAti0UgM8703akGPJ6g=="
    },
    "remembered": {
      "version": "0.9.2",
      "resolved": "https://registry.npmjs.org/remembered/-/remembered-0.9.2.tgz",
      "integrity": "sha512-kR9UqjUx57Vo/ddXNmWciWLBNIyBezWF6QdZs4FfzDAXROqo9v4hfbMHUXgtuP9eHlxssUjugmdSOmMYZMfDgQ==",
      "requires": {
        "fast-fifo": "^1.0.0"
      }
    }
  }
}
